
Microsoft Visual Studio Solution File, Format Version 12.00
# Visual Studio 15
VisualStudioVersion = 15.0.28010.2026
MinimumVisualStudioVersion = 10.0.40219.1
Project("{FAE04EC0-301F-11D3-BF4B-00C04F79EFBC}") = "TCPServer", "TCPServer\TCPServer.csproj", "{74AE986A-5B76-4C98-BAD0-3D5F8387A452}"
EndProject
Global
	GlobalSection(SolutionConfigurationPlatforms) = preSolution
		Debug|Any CPU = Debug|Any CPU
		Release|Any CPU = Release|Any CPU
	EndGlobalSection
	GlobalSection(ProjectConfigurationPlatforms) = postSolution
		{74AE986A-5B76-4C98-BAD0-3D5F8387A452}.Debug|Any CPU.ActiveCfg = Debug|Any CPU
		{74AE986A-5B76-4C98-BAD0-3D5F8387A452}.Debug|Any CPU.Build.0 = Debug|Any CPU
		{74AE986A-5B76-4C98-BAD0-3D5F8387A452}.Release|Any CPU.ActiveCfg = Release|Any CPU
		{74AE986A-5B76-4C98-BAD0-3D5F8387A452}.Release|Any CPU.Build.0 = Release|Any CPU
	EndGlobalSection
	GlobalSection(SolutionProperties) = preSolution
		HideSolutionNode = FALSE
	EndGlobalSection
	GlobalSection(ExtensibilityGlobals) = postSolution
		SolutionGuid = {A61DE02D-A0FE-434B-AF24-0B5B28E7A268}
	EndGlobalSection
EndGlobal
